{
  "name": "skugo",
  "version": "1.0.0",
  "lockfileVersion": 1,
  "requires": true,
  "dependencies": {
    "@types/node": {
      "version": "13.5.0",
      "resolved": "https://registry.npmjs.org/@types/node/-/node-13.5.0.tgz",
      "integrity": "sha512-Onhn+z72D2O2Pb2ql2xukJ55rglumsVo1H6Fmyi8mlU9SvKdBk/pUSUAiBY/d9bAOF7VVWajX3sths/+g6ZiAQ=="
    },
    "@types/ws": {
      "version": "7.2.0",
      "resolved": "https://registry.npmjs.org/@types/ws/-/ws-7.2.0.tgz",
      "integrity": "sha512-HnqczxiZ828df9FUh9OyY7vSOelpQNaj+SLEnDvU74rYijp61ggV7dhmDlMky0oYXKLdVuIG4KvExk8DEqzJgQ==",
      "requires": {
        "@types/node": "*"
      }
    },
    "ws": {
      "version": "7.2.1",
      "resolved": "https://registry.npmjs.org/ws/-/ws-7.2.1.tgz",
      "integrity": "sha512-sucePNSafamSKoOqoNfBd8V0StlkzJKL2ZAhGQinCfNQ+oacw+Pk7lcdAElecBF2VkLNZRiIb5Oi1Q5lVUVt2A=="
    }
  }
}
